
Microsoft Visual Studio Solution File, Format Version 12.00
# Visual Studio Version 16
VisualStudioVersion = 16.0.29424.173
MinimumVisualStudioVersion = 10.0.40219.1
Project("{FAE04EC0-301F-11D3-BF4B-00C04F79EFBC}") = "Epilog.Collections", "Epilog.Collections\Epilog.Collections.csproj", "{9D2F4B6F-7E0A-4892-888F-A04C118BDA15}"
EndProject
Project("{FAE04EC0-301F-11D3-BF4B-00C04F79EFBC}") = "Epilog.Collections.Graphs", "Epilog.Collections.Graphs\Epilog.Collections.Graphs.csproj", "{B20BD296-8615-4721-99AC-19EFB22AD75B}"
EndProject
Global
	GlobalSection(SolutionConfigurationPlatforms) = preSolution
		Debug|Any CPU = Debug|Any CPU
		Release|Any CPU = Release|Any CPU
	EndGlobalSection
	GlobalSection(ProjectConfigurationPlatforms) = postSolution
		{9D2F4B6F-7E0A-4892-888F-A04C118BDA15}.Debug|Any CPU.ActiveCfg = Debug|Any CPU
		{9D2F4B6F-7E0A-4892-888F-A04C118BDA15}.Debug|Any CPU.Build.0 = Debug|Any CPU
		{9D2F4B6F-7E0A-4892-888F-A04C118BDA15}.Release|Any CPU.ActiveCfg = Release|Any CPU
		{9D2F4B6F-7E0A-4892-888F-A04C118BDA15}.Release|Any CPU.Build.0 = Release|Any CPU
		{B20BD296-8615-4721-99AC-19EFB22AD75B}.Debug|Any CPU.ActiveCfg = Debug|Any CPU
		{B20BD296-8615-4721-99AC-19EFB22AD75B}.Debug|Any CPU.Build.0 = Debug|Any CPU
		{B20BD296-8615-4721-99AC-19EFB22AD75B}.Release|Any CPU.ActiveCfg = Release|Any CPU
		{B20BD296-8615-4721-99AC-19EFB22AD75B}.Release|Any CPU.Build.0 = Release|Any CPU
	EndGlobalSection
	GlobalSection(SolutionProperties) = preSolution
		HideSolutionNode = FALSE
	EndGlobalSection
	GlobalSection(ExtensibilityGlobals) = postSolution
		SolutionGuid = {12683BA2-611E-40D0-8373-E8DEE04EBC62}
	EndGlobalSection
EndGlobal
